{
  "name": "arbitragemachine",
  "version": "0.1.0",
  "lockfileVersion": 1,
  "requires": true,
  "dependencies": {
    "react-browser-router": {
      "version": "2.0.3",
      "resolved": "https://registry.npmjs.org/react-browser-router/-/react-browser-router-2.0.3.tgz",
      "integrity": "sha512-nBRfdeatMcYnCPqptLeeD51+tAMLhs/Sb7YOJpcpn1IS9jFWK5h5NWrAqAEDg5T5TGRULwi6yZcGL9/4w71/Nw=="
    }
  }
}
